
Microsoft Visual Studio Solution File, Format Version 12.00
# Visual Studio Version 17
VisualStudioVersion = 17.8.34322.80
MinimumVisualStudioVersion = 10.0.40219.1
Project("{9A19103F-16F7-4668-BE54-9A1E7A4F7556}") = "AoC", "AoC.csproj", "{E3397012-7F53-4C47-99F2-583A8BFDEA0E}"
EndProject
Global
	GlobalSection(SolutionConfigurationPlatforms) = preSolution
		Debug|Any CPU = Debug|Any CPU
		Release|Any CPU = Release|Any CPU
	EndGlobalSection
	GlobalSection(ProjectConfigurationPlatforms) = postSolution
		{E3397012-7F53-4C47-99F2-583A8BFDEA0E}.Debug|Any CPU.ActiveCfg = Debug|Any CPU
		{E3397012-7F53-4C47-99F2-583A8BFDEA0E}.Debug|Any CPU.Build.0 = Debug|Any CPU
		{E3397012-7F53-4C47-99F2-583A8BFDEA0E}.Release|Any CPU.ActiveCfg = Release|Any CPU
		{E3397012-7F53-4C47-99F2-583A8BFDEA0E}.Release|Any CPU.Build.0 = Release|Any CPU
	EndGlobalSection
	GlobalSection(SolutionProperties) = preSolution
		HideSolutionNode = FALSE
	EndGlobalSection
	GlobalSection(ExtensibilityGlobals) = postSolution
		SolutionGuid = {091CCD32-BE02-42E2-A665-B30F29F21A31}
	EndGlobalSection
EndGlobal
