
Microsoft Visual Studio Solution File, Format Version 12.00
# Visual Studio Version 16
VisualStudioVersion = 16.0.31911.196
MinimumVisualStudioVersion = 10.0.40219.1
Project("{FAE04EC0-301F-11D3-BF4B-00C04F79EFBC}") = "pdf from html", "pdf from html\pdf from html.csproj", "{EB4587DA-6654-43F0-AAB2-C1597A3B1269}"
EndProject
Global
	GlobalSection(SolutionConfigurationPlatforms) = preSolution
		Debug|Any CPU = Debug|Any CPU
		Release|Any CPU = Release|Any CPU
	EndGlobalSection
	GlobalSection(ProjectConfigurationPlatforms) = postSolution
		{EB4587DA-6654-43F0-AAB2-C1597A3B1269}.Debug|Any CPU.ActiveCfg = Debug|Any CPU
		{EB4587DA-6654-43F0-AAB2-C1597A3B1269}.Debug|Any CPU.Build.0 = Debug|Any CPU
		{EB4587DA-6654-43F0-AAB2-C1597A3B1269}.Release|Any CPU.ActiveCfg = Release|Any CPU
		{EB4587DA-6654-43F0-AAB2-C1597A3B1269}.Release|Any CPU.Build.0 = Release|Any CPU
	EndGlobalSection
	GlobalSection(SolutionProperties) = preSolution
		HideSolutionNode = FALSE
	EndGlobalSection
	GlobalSection(ExtensibilityGlobals) = postSolution
		SolutionGuid = {F2FD06A6-09CF-449A-A22B-4402F47FBE95}
	EndGlobalSection
EndGlobal
