
Microsoft Visual Studio Solution File, Format Version 12.00
# Visual Studio Version 16
VisualStudioVersion = 16.0.32106.194
MinimumVisualStudioVersion = 10.0.40219.1
Project("{FAE04EC0-301F-11D3-BF4B-00C04F79EFBC}") = "Giraffe", "Giraffe\Giraffe.csproj", "{365BD01D-6A02-4477-BCD5-491C97E62EA4}"
EndProject
Global
	GlobalSection(SolutionConfigurationPlatforms) = preSolution
		Debug|Any CPU = Debug|Any CPU
		Release|Any CPU = Release|Any CPU
	EndGlobalSection
	GlobalSection(ProjectConfigurationPlatforms) = postSolution
		{365BD01D-6A02-4477-BCD5-491C97E62EA4}.Debug|Any CPU.ActiveCfg = Debug|Any CPU
		{365BD01D-6A02-4477-BCD5-491C97E62EA4}.Debug|Any CPU.Build.0 = Debug|Any CPU
		{365BD01D-6A02-4477-BCD5-491C97E62EA4}.Release|Any CPU.ActiveCfg = Release|Any CPU
		{365BD01D-6A02-4477-BCD5-491C97E62EA4}.Release|Any CPU.Build.0 = Release|Any CPU
	EndGlobalSection
	GlobalSection(SolutionProperties) = preSolution
		HideSolutionNode = FALSE
	EndGlobalSection
	GlobalSection(ExtensibilityGlobals) = postSolution
		SolutionGuid = {6880EF4B-9445-454A-8100-DE9FFC6F4925}
	EndGlobalSection
EndGlobal
