
Microsoft Visual Studio Solution File, Format Version 12.00
# Visual Studio Version 16
VisualStudioVersion = 16.0.32106.194
MinimumVisualStudioVersion = 10.0.40219.1
Project("{FAE04EC0-301F-11D3-BF4B-00C04F79EFBC}") = "JokesWebApp", "JokesWebApp\JokesWebApp.csproj", "{A836881F-DCB5-4948-9ED0-2E76A6CE5B6E}"
EndProject
Global
	GlobalSection(SolutionConfigurationPlatforms) = preSolution
		Debug|Any CPU = Debug|Any CPU
		Release|Any CPU = Release|Any CPU
	EndGlobalSection
	GlobalSection(ProjectConfigurationPlatforms) = postSolution
		{A836881F-DCB5-4948-9ED0-2E76A6CE5B6E}.Debug|Any CPU.ActiveCfg = Debug|Any CPU
		{A836881F-DCB5-4948-9ED0-2E76A6CE5B6E}.Debug|Any CPU.Build.0 = Debug|Any CPU
		{A836881F-DCB5-4948-9ED0-2E76A6CE5B6E}.Release|Any CPU.ActiveCfg = Release|Any CPU
		{A836881F-DCB5-4948-9ED0-2E76A6CE5B6E}.Release|Any CPU.Build.0 = Release|Any CPU
	EndGlobalSection
	GlobalSection(SolutionProperties) = preSolution
		HideSolutionNode = FALSE
	EndGlobalSection
	GlobalSection(ExtensibilityGlobals) = postSolution
		SolutionGuid = {0BB4C502-0766-4B1D-9407-05E2BD80C06E}
	EndGlobalSection
EndGlobal
