
Microsoft Visual Studio Solution File, Format Version 12.00
# Visual Studio Version 16
VisualStudioVersion = 16.0.31129.286
MinimumVisualStudioVersion = 10.0.40219.1
Project("{FAE04EC0-301F-11D3-BF4B-00C04F79EFBC}") = "14.04.2021", "14.04.2021.csproj", "{679A5BCA-3864-489F-B875-61A8A0843DFE}"
EndProject
Global
	GlobalSection(SolutionConfigurationPlatforms) = preSolution
		Debug|Any CPU = Debug|Any CPU
		Release|Any CPU = Release|Any CPU
	EndGlobalSection
	GlobalSection(ProjectConfigurationPlatforms) = postSolution
		{679A5BCA-3864-489F-B875-61A8A0843DFE}.Debug|Any CPU.ActiveCfg = Debug|Any CPU
		{679A5BCA-3864-489F-B875-61A8A0843DFE}.Debug|Any CPU.Build.0 = Debug|Any CPU
		{679A5BCA-3864-489F-B875-61A8A0843DFE}.Release|Any CPU.ActiveCfg = Release|Any CPU
		{679A5BCA-3864-489F-B875-61A8A0843DFE}.Release|Any CPU.Build.0 = Release|Any CPU
	EndGlobalSection
	GlobalSection(SolutionProperties) = preSolution
		HideSolutionNode = FALSE
	EndGlobalSection
	GlobalSection(ExtensibilityGlobals) = postSolution
		SolutionGuid = {4BF1160A-7D19-408E-A07A-CC9233DC091C}
	EndGlobalSection
EndGlobal
